{
    "_readme": [
        "This file locks the dependencies of your project to a known state",
        "Read more about it at http://getcomposer.org/doc/01-basic-usage.md#composer-lock-the-lock-file",
        "This file is @generated automatically"
    ],
    "hash": "cbb9f691fad8c4b0f7055ffe66abe9f5",
    "packages": [
        {
            "name": "cebe/markdown",
            "version": "0.9.x-dev",
            "source": {
                "type": "git",
                "url": "https://github.com/cebe/markdown.git",
                "reference": "6a3c3737e9c1f4670f39a771f77b536126788ad2"
            },
            "dist": {
                "type": "zip",
                "url": "https://api.github.com/repos/cebe/markdown/zipball/6a3c3737e9c1f4670f39a771f77b536126788ad2",
                "reference": "6a3c3737e9c1f4670f39a771f77b536126788ad2",
                "shasum": ""
            },
            "require": {
                "lib-pcre": "*",
                "php": ">=5.4.0"
            },
            "require-dev": {
                "phpunit/phpunit": "3.7.*"
            },
            "bin": [
                "bin/markdown"
            ],
            "type": "library",
            "extra": {
                "branch-alias": {
                    "dev-master": "1.0.x-dev",
                    "dev-0.9.x-dev": "0.9.x-dev"
                }
            },
            "autoload": {
                "psr-4": {
                    "cebe\\markdown\\": ""
                }
            },
            "notification-url": "https://packagist.org/downloads/",
            "license": [
                "MIT"
            ],
            "authors": [
                {
                    "name": "Carsten Brandt",
                    "email": "mail@cebe.cc",
                    "homepage": "http://cebe.cc/",
                    "role": "Core framework development"
                }
            ],
            "description": "A super fast highly extensible markdown parser for PHP",
            "homepage": "https://github.com/cebe/markdown#readme",
            "keywords": [
                "extensible",
                "fast",
                "gfm",
                "markdown",
                "markdown-extra"
            ],
            "time": "2014-03-05 16:30:51"
        },
        {
            "name": "ezyang/htmlpurifier",
            "version": "v4.6.0",
            "source": {
                "type": "git",
                "url": "https://github.com/ezyang/htmlpurifier.git",
                "reference": "6f389f0f25b90d0b495308efcfa073981177f0fd"
            },
            "dist": {
                "type": "zip",
                "url": "https://api.github.com/repos/ezyang/htmlpurifier/zipball/6f389f0f25b90d0b495308efcfa073981177f0fd",
                "reference": "6f389f0f25b90d0b495308efcfa073981177f0fd",
                "shasum": ""
            },
            "require": {
                "php": ">=5.2"
            },
            "type": "library",
            "autoload": {
                "psr-0": {
                    "HTMLPurifier": "library/"
                },
                "files": [
                    "library/HTMLPurifier.composer.php"
                ]
            },
            "notification-url": "https://packagist.org/downloads/",
            "license": [
                "LGPL"
            ],
            "authors": [
                {
                    "name": "Edward Z. Yang",
                    "email": "admin@htmlpurifier.org",
                    "homepage": "http://ezyang.com",
                    "role": "Developer"
                }
            ],
            "description": "Standards compliant HTML filter written in PHP",
            "homepage": "http://htmlpurifier.org/",
            "keywords": [
                "html"
            ],
            "time": "2013-11-30 08:25:19"
        },
        {
            "name": "nikic/php-parser",
            "version": "v0.9.4",
            "source": {
                "type": "git",
                "url": "https://github.com/nikic/PHP-Parser.git",
                "reference": "1e5e280ae88a27effa2ae4aa2bd088494ed8594f"
            },
            "dist": {
                "type": "zip",
                "url": "https://api.github.com/repos/nikic/PHP-Parser/zipball/1e5e280ae88a27effa2ae4aa2bd088494ed8594f",
                "reference": "1e5e280ae88a27effa2ae4aa2bd088494ed8594f",
                "shasum": ""
            },
            "require": {
                "php": ">=5.2"
            },
            "type": "library",
            "extra": {
                "branch-alias": {
                    "dev-master": "0.9-dev"
                }
            },
            "autoload": {
                "psr-0": {
                    "PHPParser": "lib/"
                }
            },
            "notification-url": "https://packagist.org/downloads/",
            "license": [
                "BSD-3-Clause"
            ],
            "authors": [
                {
                    "name": "Nikita Popov"
                }
            ],
            "description": "A PHP parser written in PHP",
            "keywords": [
                "parser",
                "php"
            ],
            "time": "2013-08-25 17:11:40"
        },
        {
            "name": "phpdocumentor/reflection",
            "version": "dev-master",
            "source": {
                "type": "git",
                "url": "https://github.com/phpDocumentor/Reflection.git",
                "reference": "b7d8c7abbe5f3f5fe0cb438fcc4bf9349609109a"
            },
            "dist": {
                "type": "zip",
                "url": "https://api.github.com/repos/phpDocumentor/Reflection/zipball/b7d8c7abbe5f3f5fe0cb438fcc4bf9349609109a",
                "reference": "b7d8c7abbe5f3f5fe0cb438fcc4bf9349609109a",
                "shasum": ""
            },
            "require": {
                "nikic/php-parser": "0.9.4",
                "php": ">=5.3.3",
                "phpdocumentor/reflection-docblock": "2.*",
                "psr/log": "~1.0"
            },
            "require-dev": {
                "behat/behat": "~2.4",
                "mockery/mockery": ">=0.7.0",
                "phpunit/phpunit": "~3.7"
            },
            "type": "library",
            "extra": {
                "branch-alias": {
                    "dev-master": "1.0.x-dev"
                }
            },
            "autoload": {
                "psr-0": {
                    "phpDocumentor": [
                        "src/",
                        "tests/unit/",
                        "tests/mocks/"
                    ]
                }
            },
            "notification-url": "https://packagist.org/downloads/",
            "license": [
                "MIT"
            ],
            "description": "Reflection library to do Static Analysis for PHP Projects",
            "homepage": "http://www.phpdoc.org",
            "keywords": [
                "phpDocumentor",
                "phpdoc",
                "reflection",
                "static analysis"
            ],
            "time": "2014-06-06 20:42:11"
        },
        {
            "name": "phpdocumentor/reflection-docblock",
            "version": "dev-master",
            "source": {
                "type": "git",
                "url": "https://github.com/phpDocumentor/ReflectionDocBlock.git",
                "reference": "38743b677965c48a637097b2746a281264ae2347"
            },
            "dist": {
                "type": "zip",
                "url": "https://api.github.com/repos/phpDocumentor/ReflectionDocBlock/zipball/38743b677965c48a637097b2746a281264ae2347",
                "reference": "38743b677965c48a637097b2746a281264ae2347",
                "shasum": ""
            },
            "require": {
                "php": ">=5.3.3"
            },
            "require-dev": {
                "phpunit/phpunit": "3.7.*@stable"
            },
            "suggest": {
                "dflydev/markdown": "1.0.*",
                "erusev/parsedown": "~0.7"
            },
            "type": "library",
            "extra": {
                "branch-alias": {
                    "dev-master": "2.0.x-dev"
                }
            },
            "autoload": {
                "psr-0": {
                    "phpDocumentor": [
                        "src/"
                    ]
                }
            },
            "notification-url": "https://packagist.org/downloads/",
            "license": [
                "MIT"
            ],
            "authors": [
                {
                    "name": "Mike van Riel",
                    "email": "mike.vanriel@naenius.com"
                }
            ],
            "time": "2014-08-09 10:27:07"
        },
        {
            "name": "psr/log",
            "version": "dev-master",
            "source": {
                "type": "git",
                "url": "https://github.com/php-fig/log.git",
                "reference": "a78d6504ff5d4367497785ab2ade91db3a9fbe11"
            },
            "dist": {
                "type": "zip",
                "url": "https://api.github.com/repos/php-fig/log/zipball/a78d6504ff5d4367497785ab2ade91db3a9fbe11",
                "reference": "a78d6504ff5d4367497785ab2ade91db3a9fbe11",
                "shasum": ""
            },
            "type": "library",
            "extra": {
                "branch-alias": {
                    "dev-master": "1.0.x-dev"
                }
            },
            "autoload": {
                "psr-0": {
                    "Psr\\Log\\": ""
                }
            },
            "notification-url": "https://packagist.org/downloads/",
            "license": [
                "MIT"
            ],
            "authors": [
                {
                    "name": "PHP-FIG",
                    "homepage": "http://www.php-fig.org/"
                }
            ],
            "description": "Common interface for logging libraries",
            "keywords": [
                "log",
                "psr",
                "psr-3"
            ],
            "time": "2014-01-18 15:33:09"
        },
        {
            "name": "twbs/bootstrap",
            "version": "dev-master",
            "source": {
                "type": "git",
                "url": "https://github.com/twbs/bootstrap.git",
                "reference": "c95aa97c03fc676f7b53d002c7c8a3bb59fd6747"
            },
            "dist": {
                "type": "zip",
                "url": "https://api.github.com/repos/twbs/bootstrap/zipball/c95aa97c03fc676f7b53d002c7c8a3bb59fd6747",
                "reference": "c95aa97c03fc676f7b53d002c7c8a3bb59fd6747",
                "shasum": ""
            },
            "replace": {
                "twitter/bootstrap": "self.version"
            },
            "type": "library",
            "extra": {
                "branch-alias": {
                    "dev-master": "3.2.x-dev"
                }
            },
            "notification-url": "https://packagist.org/downloads/",
            "license": [
                "MIT"
            ],
            "authors": [
                {
                    "name": "Jacob Thornton",
                    "email": "jacobthornton@gmail.com"
                },
                {
                    "name": "Mark Otto",
                    "email": "markdotto@gmail.com"
                }
            ],
            "description": "The most popular front-end framework for developing responsive, mobile first projects on the web.",
            "homepage": "http://getbootstrap.com",
            "keywords": [
                "JS",
                "css",
                "framework",
                "front-end",
                "less",
                "mobile-first",
                "responsive",
                "web"
            ],
            "time": "2014-08-19 03:06:02"
        },
        {
            "name": "yiisoft/jquery",
            "version": "2.1.1",
            "source": {
                "type": "git",
                "url": "https://github.com/yiisoft/jquery.git",
                "reference": "bc09bbbc8b40cf89812036188b6f94ae7627c73c"
            },
            "dist": {
                "type": "zip",
                "url": "https://api.github.com/repos/yiisoft/jquery/zipball/bc09bbbc8b40cf89812036188b6f94ae7627c73c",
                "reference": "bc09bbbc8b40cf89812036188b6f94ae7627c73c",
                "shasum": ""
            },
            "type": "library",
            "notification-url": "https://packagist.org/downloads/",
            "license": [
                "MIT"
            ],
            "description": "jQuery JavaScript Library",
            "homepage": "http://jquery.com",
            "time": "2014-05-07 05:00:09"
        },
        {
            "name": "yiisoft/jquery-pjax",
            "version": "dev-master",
            "source": {
                "type": "git",
                "url": "https://github.com/yiisoft/jquery-pjax.git",
                "reference": "520f8c12b5a417e21d2cd0df499fa2a4e4e9a9d6"
            },
            "dist": {
                "type": "zip",
                "url": "https://api.github.com/repos/yiisoft/jquery-pjax/zipball/520f8c12b5a417e21d2cd0df499fa2a4e4e9a9d6",
                "reference": "520f8c12b5a417e21d2cd0df499fa2a4e4e9a9d6",
                "shasum": ""
            },
            "require": {
                "yiisoft/jquery": ">=1.8"
            },
            "type": "library",
            "notification-url": "https://packagist.org/downloads/",
            "license": [
                "MIT"
            ],
            "description": "pushState + ajax = pjax, a forked maintainted by the Yii Framework core developers",
            "homepage": "https://github.com/yiisoft/jquery-pjax#readme",
            "time": "2014-03-20 17:20:33"
        },
        {
            "name": "yiisoft/yii2",
            "version": "dev-master",
            "source": {
                "type": "git",
                "url": "https://github.com/yiisoft/yii2-framework.git",
                "reference": "a9ef2f56a074081fe057c157494be88cc1308e9c"
            },
            "dist": {
                "type": "zip",
                "url": "https://api.github.com/repos/yiisoft/yii2-framework/zipball/a9ef2f56a074081fe057c157494be88cc1308e9c",
                "reference": "a9ef2f56a074081fe057c157494be88cc1308e9c",
                "shasum": ""
            },
            "require": {
                "cebe/markdown": "0.9.*",
                "ext-mbstring": "*",
                "ezyang/htmlpurifier": "4.6.*",
                "lib-pcre": "*",
                "php": ">=5.4.0",
                "yiisoft/jquery": "~2.0 | ~1.10",
                "yiisoft/jquery-pjax": "*",
                "yiisoft/yii2-composer": "*"
            },
            "bin": [
                "yii"
            ],
            "type": "library",
            "autoload": {
                "psr-4": {
                    "yii\\": ""
                }
            },
            "notification-url": "https://packagist.org/downloads/",
            "license": [
                "BSD-3-Clause"
            ],
            "authors": [
                {
                    "name": "Qiang Xue",
                    "email": "qiang.xue@gmail.com",
                    "homepage": "http://www.yiiframework.com/",
                    "role": "Founder and project lead"
                },
                {
                    "name": "Alexander Makarov",
                    "email": "sam@rmcreative.ru",
                    "homepage": "http://rmcreative.ru/",
                    "role": "Core framework development"
                },
                {
                    "name": "Maurizio Domba",
                    "homepage": "http://mdomba.info/",
                    "role": "Core framework development"
                },
                {
                    "name": "Carsten Brandt",
                    "email": "mail@cebe.cc",
                    "homepage": "http://cebe.cc/",
                    "role": "Core framework development"
                },
                {
                    "name": "Timur Ruziev",
                    "email": "resurtm@gmail.com",
                    "homepage": "http://resurtm.com/",
                    "role": "Core framework development"
                },
                {
                    "name": "Paul Klimov",
                    "email": "klimov.paul@gmail.com",
                    "role": "Core framework development"
                }
            ],
            "description": "Yii PHP Framework Version 2",
            "homepage": "http://www.yiiframework.com/",
            "keywords": [
                "framework",
                "yii2"
            ],
            "time": "2014-08-19 14:35:58"
        },
        {
            "name": "yiisoft/yii2-apidoc",
            "version": "2.0.0-beta",
            "source": {
                "type": "git",
                "url": "https://github.com/yiisoft/yii2-apidoc.git",
                "reference": "bb8cc0543f3d624d4e3d5985a72453dcebe67070"
            },
            "dist": {
                "type": "zip",
                "url": "https://api.github.com/repos/yiisoft/yii2-apidoc/zipball/bb8cc0543f3d624d4e3d5985a72453dcebe67070",
                "reference": "bb8cc0543f3d624d4e3d5985a72453dcebe67070",
                "shasum": ""
            },
            "require": {
                "nikic/php-parser": "0.9.*",
                "phpdocumentor/reflection": ">=1.0.3",
                "phpdocumentor/reflection-docblock": ">2.0.1",
                "yiisoft/yii2": "*",
                "yiisoft/yii2-bootstrap": "*"
            },
            "bin": [
                "apidoc"
            ],
            "type": "yii2-extension",
            "autoload": {
                "psr-4": {
                    "yii\\apidoc\\": ""
                }
            },
            "notification-url": "https://packagist.org/downloads/",
            "license": [
                "BSD-3-Clause"
            ],
            "authors": [
                {
                    "name": "Carsten Brandt",
                    "email": "mail@cebe.cc",
                    "homepage": "http://cebe.cc/",
                    "role": "Core framework development"
                }
            ],
            "description": "API Documentation generator for the Yii framework 2.0",
            "keywords": [
                "api",
                "apidoc",
                "documentation",
                "phpdoc",
                "yii2"
            ],
            "time": "2014-04-13 21:58:59"
        },
        {
            "name": "yiisoft/yii2-bootstrap",
            "version": "dev-master",
            "source": {
                "type": "git",
                "url": "https://github.com/yiisoft/yii2-bootstrap.git",
                "reference": "2a5f1b92b45925c9a56ccb938f15fe632cad240b"
            },
            "dist": {
                "type": "zip",
                "url": "https://api.github.com/repos/yiisoft/yii2-bootstrap/zipball/2a5f1b92b45925c9a56ccb938f15fe632cad240b",
                "reference": "2a5f1b92b45925c9a56ccb938f15fe632cad240b",
                "shasum": ""
            },
            "require": {
                "twbs/bootstrap": "3.2.* | 3.1.* | 3.0.*",
                "yiisoft/yii2": "*"
            },
            "type": "yii2-extension",
            "autoload": {
                "psr-4": {
                    "yii\\bootstrap\\": ""
                }
            },
            "notification-url": "https://packagist.org/downloads/",
            "license": [
                "BSD-3-Clause"
            ],
            "authors": [
                {
                    "name": "Qiang Xue",
                    "email": "qiang.xue@gmail.com"
                }
            ],
            "description": "The Twitter Bootstrap extension for the Yii framework",
            "keywords": [
                "bootstrap",
                "yii2"
            ],
            "time": "2014-08-13 08:58:37"
        },
        {
            "name": "yiisoft/yii2-composer",
            "version": "dev-master",
            "source": {
                "type": "git",
                "url": "https://github.com/yiisoft/yii2-composer.git",
                "reference": "94b8a7fce81ca0c2ba94bac2c1f4d3b039ac6cf2"
            },
            "dist": {
                "type": "zip",
                "url": "https://api.github.com/repos/yiisoft/yii2-composer/zipball/94b8a7fce81ca0c2ba94bac2c1f4d3b039ac6cf2",
                "reference": "94b8a7fce81ca0c2ba94bac2c1f4d3b039ac6cf2",
                "shasum": ""
            },
            "require": {
                "composer-plugin-api": "1.0.0"
            },
            "type": "composer-plugin",
            "extra": {
                "class": "yii\\composer\\Plugin"
            },
            "autoload": {
                "psr-4": {
                    "yii\\composer\\": ""
                }
            },
            "notification-url": "https://packagist.org/downloads/",
            "license": [
                "BSD-3-Clause"
            ],
            "authors": [
                {
                    "name": "Qiang Xue",
                    "email": "qiang.xue@gmail.com"
                }
            ],
            "description": "The composer plugin for Yii extension installer",
            "keywords": [
                "composer",
                "extension installer",
                "yii2"
            ],
            "time": "2014-08-12 01:42:09"
        }
    ],
    "packages-dev": [

    ],
    "aliases": [

    ],
    "minimum-stability": "dev",
    "stability-flags": [

    ],
    "prefer-stable": false,
    "platform": {
        "ext-msgpack": "*"
    },
    "platform-dev": [

    ]
}
