{
    "_readme": [
        "This file locks the dependencies of your project to a known state",
        "Read more about it at http://getcomposer.org/doc/01-basic-usage.md#composer-lock-the-lock-file"
    ],
    "hash": "e39b343a501aee07ebb081181bbdb321",
    "packages": [
        {
            "name": "epokmedia/msgpackrpc",
            "version": "dev-master",
            "source": {
                "type": "git",
                "url": "https://github.com/epokmedia/msgpackrpc.git",
                "reference": "9d3dcbea38424f4c17ea2833a69199295e5b18d9"
            },
            "dist": {
                "type": "zip",
                "url": "https://api.github.com/repos/epokmedia/msgpackrpc/zipball/9d3dcbea38424f4c17ea2833a69199295e5b18d9",
                "reference": "9d3dcbea38424f4c17ea2833a69199295e5b18d9",
                "shasum": ""
            },
            "require": {
                "php": ">=5.3.15",
                "zendframework/zend-serializer": ">=2.1.5"
            },
            "type": "library",
            "autoload": {
                "psr-0": {
                    "Epkm\\MessagePackRpc": "src"
                }
            },
            "notification-url": "https://packagist.org/downloads/",
            "license": [
                "MIT"
            ],
            "authors": [
                {
                    "name": "EPOKMEDIA",
                    "email": "info@epokmedia.fr"
                }
            ],
            "description": "Port of PEAR MessagePack RPC Client to PHP 5.3+",
            "keywords": [
                "messagepack",
                "msgpack",
                "rpc"
            ],
            "time": "2013-04-18 21:34:08"
        },
        {
            "name": "zendframework/zend-json",
            "version": "2.3.0",
            "target-dir": "Zend/Json",
            "source": {
                "type": "git",
                "url": "https://github.com/zendframework/Component_ZendJson.git",
                "reference": "eedf099fb5cfc0a5735ee4e3a2fbed9fadedca6e"
            },
            "dist": {
                "type": "zip",
                "url": "https://api.github.com/repos/zendframework/Component_ZendJson/zipball/eedf099fb5cfc0a5735ee4e3a2fbed9fadedca6e",
                "reference": "eedf099fb5cfc0a5735ee4e3a2fbed9fadedca6e",
                "shasum": ""
            },
            "require": {
                "php": ">=5.3.23",
                "zendframework/zend-stdlib": "self.version"
            },
            "require-dev": {
                "zendframework/zend-http": "self.version",
                "zendframework/zend-server": "self.version"
            },
            "suggest": {
                "zendframework/zend-http": "Zend\\Http component",
                "zendframework/zend-server": "Zend\\Server component"
            },
            "type": "library",
            "extra": {
                "branch-alias": {
                    "dev-master": "2.2-dev",
                    "dev-develop": "2.3-dev"
                }
            },
            "autoload": {
                "psr-0": {
                    "Zend\\Json\\": ""
                }
            },
            "notification-url": "https://packagist.org/downloads/",
            "license": [
                "BSD-3-Clause"
            ],
            "description": "provides convenience methods for serializing native PHP to JSON and decoding JSON to native PHP",
            "keywords": [
                "json",
                "zf2"
            ],
            "time": "2014-03-12 17:04:14"
        },
        {
            "name": "zendframework/zend-math",
            "version": "2.3.0",
            "target-dir": "Zend/Math",
            "source": {
                "type": "git",
                "url": "https://github.com/zendframework/Component_ZendMath.git",
                "reference": "156c107436b43c9bc8679adf6b7af08cf6bd10ce"
            },
            "dist": {
                "type": "zip",
                "url": "https://api.github.com/repos/zendframework/Component_ZendMath/zipball/156c107436b43c9bc8679adf6b7af08cf6bd10ce",
                "reference": "156c107436b43c9bc8679adf6b7af08cf6bd10ce",
                "shasum": ""
            },
            "require": {
                "php": ">=5.3.23"
            },
            "suggest": {
                "ext-bcmath": "If using the bcmath functionality",
                "ext-gmp": "If using the gmp functionality",
                "ircmaxell/random-lib": "Fallback random byte generator for Zend\\Math\\Rand if OpenSSL/Mcrypt extensions are unavailable",
                "zendframework/zend-servicemanager": ">= current version, if using the BigInteger::factory functionality"
            },
            "type": "library",
            "extra": {
                "branch-alias": {
                    "dev-master": "2.2-dev",
                    "dev-develop": "2.3-dev"
                }
            },
            "autoload": {
                "psr-0": {
                    "Zend\\Math\\": ""
                }
            },
            "notification-url": "https://packagist.org/downloads/",
            "license": [
                "BSD-3-Clause"
            ],
            "keywords": [
                "math",
                "zf2"
            ],
            "time": "2014-03-14 16:21:41"
        },
        {
            "name": "zendframework/zend-serializer",
            "version": "2.3.0",
            "target-dir": "Zend/Serializer",
            "source": {
                "type": "git",
                "url": "https://github.com/zendframework/Component_ZendSerializer.git",
                "reference": "e858221feb705396b47b60123661df3e9fb9e1d4"
            },
            "dist": {
                "type": "zip",
                "url": "https://api.github.com/repos/zendframework/Component_ZendSerializer/zipball/e858221feb705396b47b60123661df3e9fb9e1d4",
                "reference": "e858221feb705396b47b60123661df3e9fb9e1d4",
                "shasum": ""
            },
            "require": {
                "php": ">=5.3.23",
                "zendframework/zend-json": "self.version",
                "zendframework/zend-math": "self.version",
                "zendframework/zend-stdlib": "self.version"
            },
            "require-dev": {
                "zendframework/zend-servicemanager": "self.version"
            },
            "suggest": {
                "zendframework/zend-servicemanager": "To support plugin manager support"
            },
            "type": "library",
            "extra": {
                "branch-alias": {
                    "dev-master": "2.2-dev",
                    "dev-develop": "2.3-dev"
                }
            },
            "autoload": {
                "psr-0": {
                    "Zend\\Serializer\\": ""
                }
            },
            "notification-url": "https://packagist.org/downloads/",
            "license": [
                "BSD-3-Clause"
            ],
            "description": "provides an adapter based interface to simply generate storable representation of PHP types by different facilities, and recover",
            "keywords": [
                "serializer",
                "zf2"
            ],
            "time": "2014-03-14 16:22:09"
        },
        {
            "name": "zendframework/zend-stdlib",
            "version": "2.3.0",
            "target-dir": "Zend/Stdlib",
            "source": {
                "type": "git",
                "url": "https://github.com/zendframework/Component_ZendStdlib.git",
                "reference": "d1c481b8a43f2f079b16d3567960ba539e9dacaa"
            },
            "dist": {
                "type": "zip",
                "url": "https://api.github.com/repos/zendframework/Component_ZendStdlib/zipball/d1c481b8a43f2f079b16d3567960ba539e9dacaa",
                "reference": "d1c481b8a43f2f079b16d3567960ba539e9dacaa",
                "shasum": ""
            },
            "require": {
                "php": ">=5.3.23"
            },
            "require-dev": {
                "zendframework/zend-eventmanager": "self.version",
                "zendframework/zend-serializer": "self.version",
                "zendframework/zend-servicemanager": "self.version"
            },
            "suggest": {
                "zendframework/zend-eventmanager": "To support aggregate hydrator usage",
                "zendframework/zend-serializer": "Zend\\Serializer component",
                "zendframework/zend-servicemanager": "To support hydrator plugin manager usage"
            },
            "type": "library",
            "extra": {
                "branch-alias": {
                    "dev-master": "2.2-dev",
                    "dev-develop": "2.3-dev"
                }
            },
            "autoload": {
                "psr-0": {
                    "Zend\\Stdlib\\": ""
                }
            },
            "notification-url": "https://packagist.org/downloads/",
            "license": [
                "BSD-3-Clause"
            ],
            "keywords": [
                "stdlib",
                "zf2"
            ],
            "time": "2014-03-14 16:22:22"
        }
    ],
    "packages-dev": [

    ],
    "aliases": [

    ],
    "minimum-stability": "stable",
    "stability-flags": {
        "epokmedia/msgpackrpc": 20
    },
    "platform": [

    ],
    "platform-dev": [

    ]
}
